
Microsoft Visual Studio Solution File, Format Version 12.00
# Visual Studio Version 16
VisualStudioVersion = 16.0.28729.10
MinimumVisualStudioVersion = 15.0.26124.0
Project("{2150E333-8FDC-42A3-9474-1A3956D46DE8}") = "src", "src", "{F2CC1DC3-E34B-415D-A3D3-753766BF931F}"
EndProject
Project("{9A19103F-16F7-4668-BE54-9A1E7A4F7556}") = "AsyncAllTheThings.01.GettingStarted", "src\AsyncAllTheThings.01.GettingStarted\AsyncAllTheThings.01.GettingStarted.csproj", "{582D54DA-0C2A-407A-93AC-B5EBAF81A5FA}"
EndProject
Project("{FAE04EC0-301F-11D3-BF4B-00C04F79EFBC}") = "AsyncAllTheThings.02.AsyncAllTheWay", "src\AsyncAllTheThings.02.AsyncAllTheWay\AsyncAllTheThings.02.AsyncAllTheWay.csproj", "{A4B612E3-A8D7-4FF4-BE8C-57AE375EB61A}"
EndProject
Project("{9A19103F-16F7-4668-BE54-9A1E7A4F7556}") = "AsyncAllTheThings.03.ResultVsGetAwaiterGetResult", "src\AsyncAllTheThings.03.ResultVsGetAwaiterGetResult\AsyncAllTheThings.03.ResultVsGetAwaiterGetResult.csproj", "{F31B0255-0931-4452-B6F9-20175741F981}"
EndProject
Project("{9A19103F-16F7-4668-BE54-9A1E7A4F7556}") = "AsyncAllTheThings.04.WastingThreads", "src\AsyncAllTheThings.04.WastingThreads\AsyncAllTheThings.04.WastingThreads.csproj", "{8EAD87B8-52B1-4347-B214-E09CEBF6582A}"
EndProject
Project("{FAE04EC0-301F-11D3-BF4B-00C04F79EFBC}") = "AsyncAllTheThings.05.ConfigureAwait", "src\AsyncAllTheThings.05.ConfigureAwait\AsyncAllTheThings.05.ConfigureAwait.csproj", "{19EA0CF4-5CC2-4BC3-8C1A-A0E96DDD3DAB}"
EndProject
Project("{9A19103F-16F7-4668-BE54-9A1E7A4F7556}") = "AsyncAllTheThings.06.ReturnTaskWithoutAwaiting", "src\AsyncAllTheThings.06.ReturnTaskWithoutAwaiting\AsyncAllTheThings.06.ReturnTaskWithoutAwaiting.csproj", "{8DB990E6-D219-413A-9849-571B73C0FE9F}"
EndProject
Project("{9A19103F-16F7-4668-BE54-9A1E7A4F7556}") = "AsyncAllTheThings.07.MakingRequestsInParallel", "src\AsyncAllTheThings.07.MakingRequestsInParallel\AsyncAllTheThings.07.MakingRequestsInParallel.csproj", "{46D8BF78-66B9-47F0-AF70-351806BEF098}"
EndProject
Project("{9A19103F-16F7-4668-BE54-9A1E7A4F7556}") = "AsyncAllTheThings.08.ItAintAsyncAsSoonAsItsCalled", "src\AsyncAllTheThings.08.ItAintAsyncAsSoonAsItsCalled\AsyncAllTheThings.08.ItAintAsyncAsSoonAsItsCalled.csproj", "{59DB3956-4D07-4642-8FCA-067537879DD2}"
EndProject
Project("{9A19103F-16F7-4668-BE54-9A1E7A4F7556}") = "AsyncAllTheThings.09.FromResultVsRun", "src\AsyncAllTheThings.09.FromResultVsRun\AsyncAllTheThings.09.FromResultVsRun.csproj", "{7B6762D6-8A1F-4F54-A8BB-FA0A74FC4F0D}"
EndProject
Project("{9A19103F-16F7-4668-BE54-9A1E7A4F7556}") = "AsyncAllTheThings.10.CancellationTokens", "src\AsyncAllTheThings.10.CancellationTokens\AsyncAllTheThings.10.CancellationTokens.csproj", "{5A6794FF-360C-4AC5-BC4E-28A9D6109DB1}"
EndProject
Project("{9A19103F-16F7-4668-BE54-9A1E7A4F7556}") = "AsyncAllTheThings.11.UnderTheHood", "src\AsyncAllTheThings.11.UnderTheHood\AsyncAllTheThings.11.UnderTheHood.csproj", "{0BCB86B8-93AF-4FAD-B60F-88E8EE3EE35C}"
EndProject
Project("{9A19103F-16F7-4668-BE54-9A1E7A4F7556}") = "AsyncAllTheThings.12.TaskCompletionSource", "src\AsyncAllTheThings.12.TaskCompletionSource\AsyncAllTheThings.12.TaskCompletionSource.csproj", "{473749E1-898E-4D26-8375-BDF47D688B4C}"
EndProject
Project("{9A19103F-16F7-4668-BE54-9A1E7A4F7556}") = "AsyncAllTheThings.13.CancellationTokenSource", "src\AsyncAllTheThings.13.CancellationTokenSource\AsyncAllTheThings.13.CancellationTokenSource.csproj", "{6B637E98-7FC3-46E6-80E8-120DAFAD9777}"
EndProject
Project("{9A19103F-16F7-4668-BE54-9A1E7A4F7556}") = "AsyncAllTheThings.14.DuckTyping", "src\AsyncAllTheThings.14.DuckTyping\AsyncAllTheThings.14.DuckTyping.csproj", "{D3DABFF9-B53C-4490-B186-B4F6165BE19F}"
EndProject
Project("{9A19103F-16F7-4668-BE54-9A1E7A4F7556}") = "AsyncAllTheThings.15.ValueTask", "src\AsyncAllTheThings.15.ValueTask\AsyncAllTheThings.15.ValueTask.csproj", "{26E3A175-5949-451E-836E-2DC3BCB80790}"
EndProject
Global
	GlobalSection(SolutionConfigurationPlatforms) = preSolution
		Debug|Any CPU = Debug|Any CPU
		Debug|x64 = Debug|x64
		Debug|x86 = Debug|x86
		Release|Any CPU = Release|Any CPU
		Release|x64 = Release|x64
		Release|x86 = Release|x86
	EndGlobalSection
	GlobalSection(ProjectConfigurationPlatforms) = postSolution
		{582D54DA-0C2A-407A-93AC-B5EBAF81A5FA}.Debug|Any CPU.ActiveCfg = Debug|Any CPU
		{582D54DA-0C2A-407A-93AC-B5EBAF81A5FA}.Debug|Any CPU.Build.0 = Debug|Any CPU
		{582D54DA-0C2A-407A-93AC-B5EBAF81A5FA}.Debug|x64.ActiveCfg = Debug|Any CPU
		{582D54DA-0C2A-407A-93AC-B5EBAF81A5FA}.Debug|x64.Build.0 = Debug|Any CPU
		{582D54DA-0C2A-407A-93AC-B5EBAF81A5FA}.Debug|x86.ActiveCfg = Debug|Any CPU
		{582D54DA-0C2A-407A-93AC-B5EBAF81A5FA}.Debug|x86.Build.0 = Debug|Any CPU
		{582D54DA-0C2A-407A-93AC-B5EBAF81A5FA}.Release|Any CPU.ActiveCfg = Release|Any CPU
		{582D54DA-0C2A-407A-93AC-B5EBAF81A5FA}.Release|Any CPU.Build.0 = Release|Any CPU
		{582D54DA-0C2A-407A-93AC-B5EBAF81A5FA}.Release|x64.ActiveCfg = Release|Any CPU
		{582D54DA-0C2A-407A-93AC-B5EBAF81A5FA}.Release|x64.Build.0 = Release|Any CPU
		{582D54DA-0C2A-407A-93AC-B5EBAF81A5FA}.Release|x86.ActiveCfg = Release|Any CPU
		{582D54DA-0C2A-407A-93AC-B5EBAF81A5FA}.Release|x86.Build.0 = Release|Any CPU
		{A4B612E3-A8D7-4FF4-BE8C-57AE375EB61A}.Debug|Any CPU.ActiveCfg = Debug|Any CPU
		{A4B612E3-A8D7-4FF4-BE8C-57AE375EB61A}.Debug|Any CPU.Build.0 = Debug|Any CPU
		{A4B612E3-A8D7-4FF4-BE8C-57AE375EB61A}.Debug|x64.ActiveCfg = Debug|Any CPU
		{A4B612E3-A8D7-4FF4-BE8C-57AE375EB61A}.Debug|x64.Build.0 = Debug|Any CPU
		{A4B612E3-A8D7-4FF4-BE8C-57AE375EB61A}.Debug|x86.ActiveCfg = Debug|Any CPU
		{A4B612E3-A8D7-4FF4-BE8C-57AE375EB61A}.Debug|x86.Build.0 = Debug|Any CPU
		{A4B612E3-A8D7-4FF4-BE8C-57AE375EB61A}.Release|Any CPU.ActiveCfg = Release|Any CPU
		{A4B612E3-A8D7-4FF4-BE8C-57AE375EB61A}.Release|Any CPU.Build.0 = Release|Any CPU
		{A4B612E3-A8D7-4FF4-BE8C-57AE375EB61A}.Release|x64.ActiveCfg = Release|Any CPU
		{A4B612E3-A8D7-4FF4-BE8C-57AE375EB61A}.Release|x64.Build.0 = Release|Any CPU
		{A4B612E3-A8D7-4FF4-BE8C-57AE375EB61A}.Release|x86.ActiveCfg = Release|Any CPU
		{A4B612E3-A8D7-4FF4-BE8C-57AE375EB61A}.Release|x86.Build.0 = Release|Any CPU
		{F31B0255-0931-4452-B6F9-20175741F981}.Debug|Any CPU.ActiveCfg = Debug|Any CPU
		{F31B0255-0931-4452-B6F9-20175741F981}.Debug|Any CPU.Build.0 = Debug|Any CPU
		{F31B0255-0931-4452-B6F9-20175741F981}.Debug|x64.ActiveCfg = Debug|Any CPU
		{F31B0255-0931-4452-B6F9-20175741F981}.Debug|x64.Build.0 = Debug|Any CPU
		{F31B0255-0931-4452-B6F9-20175741F981}.Debug|x86.ActiveCfg = Debug|Any CPU
		{F31B0255-0931-4452-B6F9-20175741F981}.Debug|x86.Build.0 = Debug|Any CPU
		{F31B0255-0931-4452-B6F9-20175741F981}.Release|Any CPU.ActiveCfg = Release|Any CPU
		{F31B0255-0931-4452-B6F9-20175741F981}.Release|Any CPU.Build.0 = Release|Any CPU
		{F31B0255-0931-4452-B6F9-20175741F981}.Release|x64.ActiveCfg = Release|Any CPU
		{F31B0255-0931-4452-B6F9-20175741F981}.Release|x64.Build.0 = Release|Any CPU
		{F31B0255-0931-4452-B6F9-20175741F981}.Release|x86.ActiveCfg = Release|Any CPU
		{F31B0255-0931-4452-B6F9-20175741F981}.Release|x86.Build.0 = Release|Any CPU
		{8EAD87B8-52B1-4347-B214-E09CEBF6582A}.Debug|Any CPU.ActiveCfg = Debug|Any CPU
		{8EAD87B8-52B1-4347-B214-E09CEBF6582A}.Debug|Any CPU.Build.0 = Debug|Any CPU
		{8EAD87B8-52B1-4347-B214-E09CEBF6582A}.Debug|x64.ActiveCfg = Debug|Any CPU
		{8EAD87B8-52B1-4347-B214-E09CEBF6582A}.Debug|x64.Build.0 = Debug|Any CPU
		{8EAD87B8-52B1-4347-B214-E09CEBF6582A}.Debug|x86.ActiveCfg = Debug|Any CPU
		{8EAD87B8-52B1-4347-B214-E09CEBF6582A}.Debug|x86.Build.0 = Debug|Any CPU
		{8EAD87B8-52B1-4347-B214-E09CEBF6582A}.Release|Any CPU.ActiveCfg = Release|Any CPU
		{8EAD87B8-52B1-4347-B214-E09CEBF6582A}.Release|Any CPU.Build.0 = Release|Any CPU
		{8EAD87B8-52B1-4347-B214-E09CEBF6582A}.Release|x64.ActiveCfg = Release|Any CPU
		{8EAD87B8-52B1-4347-B214-E09CEBF6582A}.Release|x64.Build.0 = Release|Any CPU
		{8EAD87B8-52B1-4347-B214-E09CEBF6582A}.Release|x86.ActiveCfg = Release|Any CPU
		{8EAD87B8-52B1-4347-B214-E09CEBF6582A}.Release|x86.Build.0 = Release|Any CPU
		{19EA0CF4-5CC2-4BC3-8C1A-A0E96DDD3DAB}.Debug|Any CPU.ActiveCfg = Debug|Any CPU
		{19EA0CF4-5CC2-4BC3-8C1A-A0E96DDD3DAB}.Debug|Any CPU.Build.0 = Debug|Any CPU
		{19EA0CF4-5CC2-4BC3-8C1A-A0E96DDD3DAB}.Debug|x64.ActiveCfg = Debug|Any CPU
		{19EA0CF4-5CC2-4BC3-8C1A-A0E96DDD3DAB}.Debug|x64.Build.0 = Debug|Any CPU
		{19EA0CF4-5CC2-4BC3-8C1A-A0E96DDD3DAB}.Debug|x86.ActiveCfg = Debug|Any CPU
		{19EA0CF4-5CC2-4BC3-8C1A-A0E96DDD3DAB}.Debug|x86.Build.0 = Debug|Any CPU
		{19EA0CF4-5CC2-4BC3-8C1A-A0E96DDD3DAB}.Release|Any CPU.ActiveCfg = Release|Any CPU
		{19EA0CF4-5CC2-4BC3-8C1A-A0E96DDD3DAB}.Release|Any CPU.Build.0 = Release|Any CPU
		{19EA0CF4-5CC2-4BC3-8C1A-A0E96DDD3DAB}.Release|x64.ActiveCfg = Release|Any CPU
		{19EA0CF4-5CC2-4BC3-8C1A-A0E96DDD3DAB}.Release|x64.Build.0 = Release|Any CPU
		{19EA0CF4-5CC2-4BC3-8C1A-A0E96DDD3DAB}.Release|x86.ActiveCfg = Release|Any CPU
		{19EA0CF4-5CC2-4BC3-8C1A-A0E96DDD3DAB}.Release|x86.Build.0 = Release|Any CPU
		{8DB990E6-D219-413A-9849-571B73C0FE9F}.Debug|Any CPU.ActiveCfg = Debug|Any CPU
		{8DB990E6-D219-413A-9849-571B73C0FE9F}.Debug|Any CPU.Build.0 = Debug|Any CPU
		{8DB990E6-D219-413A-9849-571B73C0FE9F}.Debug|x64.ActiveCfg = Debug|Any CPU
		{8DB990E6-D219-413A-9849-571B73C0FE9F}.Debug|x64.Build.0 = Debug|Any CPU
		{8DB990E6-D219-413A-9849-571B73C0FE9F}.Debug|x86.ActiveCfg = Debug|Any CPU
		{8DB990E6-D219-413A-9849-571B73C0FE9F}.Debug|x86.Build.0 = Debug|Any CPU
		{8DB990E6-D219-413A-9849-571B73C0FE9F}.Release|Any CPU.ActiveCfg = Release|Any CPU
		{8DB990E6-D219-413A-9849-571B73C0FE9F}.Release|Any CPU.Build.0 = Release|Any CPU
		{8DB990E6-D219-413A-9849-571B73C0FE9F}.Release|x64.ActiveCfg = Release|Any CPU
		{8DB990E6-D219-413A-9849-571B73C0FE9F}.Release|x64.Build.0 = Release|Any CPU
		{8DB990E6-D219-413A-9849-571B73C0FE9F}.Release|x86.ActiveCfg = Release|Any CPU
		{8DB990E6-D219-413A-9849-571B73C0FE9F}.Release|x86.Build.0 = Release|Any CPU
		{46D8BF78-66B9-47F0-AF70-351806BEF098}.Debug|Any CPU.ActiveCfg = Debug|Any CPU
		{46D8BF78-66B9-47F0-AF70-351806BEF098}.Debug|Any CPU.Build.0 = Debug|Any CPU
		{46D8BF78-66B9-47F0-AF70-351806BEF098}.Debug|x64.ActiveCfg = Debug|Any CPU
		{46D8BF78-66B9-47F0-AF70-351806BEF098}.Debug|x64.Build.0 = Debug|Any CPU
		{46D8BF78-66B9-47F0-AF70-351806BEF098}.Debug|x86.ActiveCfg = Debug|Any CPU
		{46D8BF78-66B9-47F0-AF70-351806BEF098}.Debug|x86.Build.0 = Debug|Any CPU
		{46D8BF78-66B9-47F0-AF70-351806BEF098}.Release|Any CPU.ActiveCfg = Release|Any CPU
		{46D8BF78-66B9-47F0-AF70-351806BEF098}.Release|Any CPU.Build.0 = Release|Any CPU
		{46D8BF78-66B9-47F0-AF70-351806BEF098}.Release|x64.ActiveCfg = Release|Any CPU
		{46D8BF78-66B9-47F0-AF70-351806BEF098}.Release|x64.Build.0 = Release|Any CPU
		{46D8BF78-66B9-47F0-AF70-351806BEF098}.Release|x86.ActiveCfg = Release|Any CPU
		{46D8BF78-66B9-47F0-AF70-351806BEF098}.Release|x86.Build.0 = Release|Any CPU
		{59DB3956-4D07-4642-8FCA-067537879DD2}.Debug|Any CPU.ActiveCfg = Debug|Any CPU
		{59DB3956-4D07-4642-8FCA-067537879DD2}.Debug|Any CPU.Build.0 = Debug|Any CPU
		{59DB3956-4D07-4642-8FCA-067537879DD2}.Debug|x64.ActiveCfg = Debug|Any CPU
		{59DB3956-4D07-4642-8FCA-067537879DD2}.Debug|x64.Build.0 = Debug|Any CPU
		{59DB3956-4D07-4642-8FCA-067537879DD2}.Debug|x86.ActiveCfg = Debug|Any CPU
		{59DB3956-4D07-4642-8FCA-067537879DD2}.Debug|x86.Build.0 = Debug|Any CPU
		{59DB3956-4D07-4642-8FCA-067537879DD2}.Release|Any CPU.ActiveCfg = Release|Any CPU
		{59DB3956-4D07-4642-8FCA-067537879DD2}.Release|Any CPU.Build.0 = Release|Any CPU
		{59DB3956-4D07-4642-8FCA-067537879DD2}.Release|x64.ActiveCfg = Release|Any CPU
		{59DB3956-4D07-4642-8FCA-067537879DD2}.Release|x64.Build.0 = Release|Any CPU
		{59DB3956-4D07-4642-8FCA-067537879DD2}.Release|x86.ActiveCfg = Release|Any CPU
		{59DB3956-4D07-4642-8FCA-067537879DD2}.Release|x86.Build.0 = Release|Any CPU
		{7B6762D6-8A1F-4F54-A8BB-FA0A74FC4F0D}.Debug|Any CPU.ActiveCfg = Debug|Any CPU
		{7B6762D6-8A1F-4F54-A8BB-FA0A74FC4F0D}.Debug|Any CPU.Build.0 = Debug|Any CPU
		{7B6762D6-8A1F-4F54-A8BB-FA0A74FC4F0D}.Debug|x64.ActiveCfg = Debug|Any CPU
		{7B6762D6-8A1F-4F54-A8BB-FA0A74FC4F0D}.Debug|x64.Build.0 = Debug|Any CPU
		{7B6762D6-8A1F-4F54-A8BB-FA0A74FC4F0D}.Debug|x86.ActiveCfg = Debug|Any CPU
		{7B6762D6-8A1F-4F54-A8BB-FA0A74FC4F0D}.Debug|x86.Build.0 = Debug|Any CPU
		{7B6762D6-8A1F-4F54-A8BB-FA0A74FC4F0D}.Release|Any CPU.ActiveCfg = Release|Any CPU
		{7B6762D6-8A1F-4F54-A8BB-FA0A74FC4F0D}.Release|Any CPU.Build.0 = Release|Any CPU
		{7B6762D6-8A1F-4F54-A8BB-FA0A74FC4F0D}.Release|x64.ActiveCfg = Release|Any CPU
		{7B6762D6-8A1F-4F54-A8BB-FA0A74FC4F0D}.Release|x64.Build.0 = Release|Any CPU
		{7B6762D6-8A1F-4F54-A8BB-FA0A74FC4F0D}.Release|x86.ActiveCfg = Release|Any CPU
		{7B6762D6-8A1F-4F54-A8BB-FA0A74FC4F0D}.Release|x86.Build.0 = Release|Any CPU
		{5A6794FF-360C-4AC5-BC4E-28A9D6109DB1}.Debug|Any CPU.ActiveCfg = Debug|Any CPU
		{5A6794FF-360C-4AC5-BC4E-28A9D6109DB1}.Debug|Any CPU.Build.0 = Debug|Any CPU
		{5A6794FF-360C-4AC5-BC4E-28A9D6109DB1}.Debug|x64.ActiveCfg = Debug|Any CPU
		{5A6794FF-360C-4AC5-BC4E-28A9D6109DB1}.Debug|x64.Build.0 = Debug|Any CPU
		{5A6794FF-360C-4AC5-BC4E-28A9D6109DB1}.Debug|x86.ActiveCfg = Debug|Any CPU
		{5A6794FF-360C-4AC5-BC4E-28A9D6109DB1}.Debug|x86.Build.0 = Debug|Any CPU
		{5A6794FF-360C-4AC5-BC4E-28A9D6109DB1}.Release|Any CPU.ActiveCfg = Release|Any CPU
		{5A6794FF-360C-4AC5-BC4E-28A9D6109DB1}.Release|Any CPU.Build.0 = Release|Any CPU
		{5A6794FF-360C-4AC5-BC4E-28A9D6109DB1}.Release|x64.ActiveCfg = Release|Any CPU
		{5A6794FF-360C-4AC5-BC4E-28A9D6109DB1}.Release|x64.Build.0 = Release|Any CPU
		{5A6794FF-360C-4AC5-BC4E-28A9D6109DB1}.Release|x86.ActiveCfg = Release|Any CPU
		{5A6794FF-360C-4AC5-BC4E-28A9D6109DB1}.Release|x86.Build.0 = Release|Any CPU
		{0BCB86B8-93AF-4FAD-B60F-88E8EE3EE35C}.Debug|Any CPU.ActiveCfg = Debug|Any CPU
		{0BCB86B8-93AF-4FAD-B60F-88E8EE3EE35C}.Debug|Any CPU.Build.0 = Debug|Any CPU
		{0BCB86B8-93AF-4FAD-B60F-88E8EE3EE35C}.Debug|x64.ActiveCfg = Debug|Any CPU
		{0BCB86B8-93AF-4FAD-B60F-88E8EE3EE35C}.Debug|x64.Build.0 = Debug|Any CPU
		{0BCB86B8-93AF-4FAD-B60F-88E8EE3EE35C}.Debug|x86.ActiveCfg = Debug|Any CPU
		{0BCB86B8-93AF-4FAD-B60F-88E8EE3EE35C}.Debug|x86.Build.0 = Debug|Any CPU
		{0BCB86B8-93AF-4FAD-B60F-88E8EE3EE35C}.Release|Any CPU.ActiveCfg = Release|Any CPU
		{0BCB86B8-93AF-4FAD-B60F-88E8EE3EE35C}.Release|Any CPU.Build.0 = Release|Any CPU
		{0BCB86B8-93AF-4FAD-B60F-88E8EE3EE35C}.Release|x64.ActiveCfg = Release|Any CPU
		{0BCB86B8-93AF-4FAD-B60F-88E8EE3EE35C}.Release|x64.Build.0 = Release|Any CPU
		{0BCB86B8-93AF-4FAD-B60F-88E8EE3EE35C}.Release|x86.ActiveCfg = Release|Any CPU
		{0BCB86B8-93AF-4FAD-B60F-88E8EE3EE35C}.Release|x86.Build.0 = Release|Any CPU
		{473749E1-898E-4D26-8375-BDF47D688B4C}.Debug|Any CPU.ActiveCfg = Debug|Any CPU
		{473749E1-898E-4D26-8375-BDF47D688B4C}.Debug|Any CPU.Build.0 = Debug|Any CPU
		{473749E1-898E-4D26-8375-BDF47D688B4C}.Debug|x64.ActiveCfg = Debug|Any CPU
		{473749E1-898E-4D26-8375-BDF47D688B4C}.Debug|x64.Build.0 = Debug|Any CPU
		{473749E1-898E-4D26-8375-BDF47D688B4C}.Debug|x86.ActiveCfg = Debug|Any CPU
		{473749E1-898E-4D26-8375-BDF47D688B4C}.Debug|x86.Build.0 = Debug|Any CPU
		{473749E1-898E-4D26-8375-BDF47D688B4C}.Release|Any CPU.ActiveCfg = Release|Any CPU
		{473749E1-898E-4D26-8375-BDF47D688B4C}.Release|Any CPU.Build.0 = Release|Any CPU
		{473749E1-898E-4D26-8375-BDF47D688B4C}.Release|x64.ActiveCfg = Release|Any CPU
		{473749E1-898E-4D26-8375-BDF47D688B4C}.Release|x64.Build.0 = Release|Any CPU
		{473749E1-898E-4D26-8375-BDF47D688B4C}.Release|x86.ActiveCfg = Release|Any CPU
		{473749E1-898E-4D26-8375-BDF47D688B4C}.Release|x86.Build.0 = Release|Any CPU
		{6B637E98-7FC3-46E6-80E8-120DAFAD9777}.Debug|Any CPU.ActiveCfg = Debug|Any CPU
		{6B637E98-7FC3-46E6-80E8-120DAFAD9777}.Debug|Any CPU.Build.0 = Debug|Any CPU
		{6B637E98-7FC3-46E6-80E8-120DAFAD9777}.Debug|x64.ActiveCfg = Debug|Any CPU
		{6B637E98-7FC3-46E6-80E8-120DAFAD9777}.Debug|x64.Build.0 = Debug|Any CPU
		{6B637E98-7FC3-46E6-80E8-120DAFAD9777}.Debug|x86.ActiveCfg = Debug|Any CPU
		{6B637E98-7FC3-46E6-80E8-120DAFAD9777}.Debug|x86.Build.0 = Debug|Any CPU
		{6B637E98-7FC3-46E6-80E8-120DAFAD9777}.Release|Any CPU.ActiveCfg = Release|Any CPU
		{6B637E98-7FC3-46E6-80E8-120DAFAD9777}.Release|Any CPU.Build.0 = Release|Any CPU
		{6B637E98-7FC3-46E6-80E8-120DAFAD9777}.Release|x64.ActiveCfg = Release|Any CPU
		{6B637E98-7FC3-46E6-80E8-120DAFAD9777}.Release|x64.Build.0 = Release|Any CPU
		{6B637E98-7FC3-46E6-80E8-120DAFAD9777}.Release|x86.ActiveCfg = Release|Any CPU
		{6B637E98-7FC3-46E6-80E8-120DAFAD9777}.Release|x86.Build.0 = Release|Any CPU
		{D3DABFF9-B53C-4490-B186-B4F6165BE19F}.Debug|Any CPU.ActiveCfg = Debug|Any CPU
		{D3DABFF9-B53C-4490-B186-B4F6165BE19F}.Debug|Any CPU.Build.0 = Debug|Any CPU
		{D3DABFF9-B53C-4490-B186-B4F6165BE19F}.Debug|x64.ActiveCfg = Debug|Any CPU
		{D3DABFF9-B53C-4490-B186-B4F6165BE19F}.Debug|x64.Build.0 = Debug|Any CPU
		{D3DABFF9-B53C-4490-B186-B4F6165BE19F}.Debug|x86.ActiveCfg = Debug|Any CPU
		{D3DABFF9-B53C-4490-B186-B4F6165BE19F}.Debug|x86.Build.0 = Debug|Any CPU
		{D3DABFF9-B53C-4490-B186-B4F6165BE19F}.Release|Any CPU.ActiveCfg = Release|Any CPU
		{D3DABFF9-B53C-4490-B186-B4F6165BE19F}.Release|Any CPU.Build.0 = Release|Any CPU
		{D3DABFF9-B53C-4490-B186-B4F6165BE19F}.Release|x64.ActiveCfg = Release|Any CPU
		{D3DABFF9-B53C-4490-B186-B4F6165BE19F}.Release|x64.Build.0 = Release|Any CPU
		{D3DABFF9-B53C-4490-B186-B4F6165BE19F}.Release|x86.ActiveCfg = Release|Any CPU
		{D3DABFF9-B53C-4490-B186-B4F6165BE19F}.Release|x86.Build.0 = Release|Any CPU
		{26E3A175-5949-451E-836E-2DC3BCB80790}.Debug|Any CPU.ActiveCfg = Debug|Any CPU
		{26E3A175-5949-451E-836E-2DC3BCB80790}.Debug|Any CPU.Build.0 = Debug|Any CPU
		{26E3A175-5949-451E-836E-2DC3BCB80790}.Debug|x64.ActiveCfg = Debug|Any CPU
		{26E3A175-5949-451E-836E-2DC3BCB80790}.Debug|x64.Build.0 = Debug|Any CPU
		{26E3A175-5949-451E-836E-2DC3BCB80790}.Debug|x86.ActiveCfg = Debug|Any CPU
		{26E3A175-5949-451E-836E-2DC3BCB80790}.Debug|x86.Build.0 = Debug|Any CPU
		{26E3A175-5949-451E-836E-2DC3BCB80790}.Release|Any CPU.ActiveCfg = Release|Any CPU
		{26E3A175-5949-451E-836E-2DC3BCB80790}.Release|Any CPU.Build.0 = Release|Any CPU
		{26E3A175-5949-451E-836E-2DC3BCB80790}.Release|x64.ActiveCfg = Release|Any CPU
		{26E3A175-5949-451E-836E-2DC3BCB80790}.Release|x64.Build.0 = Release|Any CPU
		{26E3A175-5949-451E-836E-2DC3BCB80790}.Release|x86.ActiveCfg = Release|Any CPU
		{26E3A175-5949-451E-836E-2DC3BCB80790}.Release|x86.Build.0 = Release|Any CPU
	EndGlobalSection
	GlobalSection(SolutionProperties) = preSolution
		HideSolutionNode = FALSE
	EndGlobalSection
	GlobalSection(NestedProjects) = preSolution
		{582D54DA-0C2A-407A-93AC-B5EBAF81A5FA} = {F2CC1DC3-E34B-415D-A3D3-753766BF931F}
		{A4B612E3-A8D7-4FF4-BE8C-57AE375EB61A} = {F2CC1DC3-E34B-415D-A3D3-753766BF931F}
		{F31B0255-0931-4452-B6F9-20175741F981} = {F2CC1DC3-E34B-415D-A3D3-753766BF931F}
		{8EAD87B8-52B1-4347-B214-E09CEBF6582A} = {F2CC1DC3-E34B-415D-A3D3-753766BF931F}
		{19EA0CF4-5CC2-4BC3-8C1A-A0E96DDD3DAB} = {F2CC1DC3-E34B-415D-A3D3-753766BF931F}
		{8DB990E6-D219-413A-9849-571B73C0FE9F} = {F2CC1DC3-E34B-415D-A3D3-753766BF931F}
		{46D8BF78-66B9-47F0-AF70-351806BEF098} = {F2CC1DC3-E34B-415D-A3D3-753766BF931F}
		{59DB3956-4D07-4642-8FCA-067537879DD2} = {F2CC1DC3-E34B-415D-A3D3-753766BF931F}
		{7B6762D6-8A1F-4F54-A8BB-FA0A74FC4F0D} = {F2CC1DC3-E34B-415D-A3D3-753766BF931F}
		{5A6794FF-360C-4AC5-BC4E-28A9D6109DB1} = {F2CC1DC3-E34B-415D-A3D3-753766BF931F}
		{0BCB86B8-93AF-4FAD-B60F-88E8EE3EE35C} = {F2CC1DC3-E34B-415D-A3D3-753766BF931F}
		{473749E1-898E-4D26-8375-BDF47D688B4C} = {F2CC1DC3-E34B-415D-A3D3-753766BF931F}
		{6B637E98-7FC3-46E6-80E8-120DAFAD9777} = {F2CC1DC3-E34B-415D-A3D3-753766BF931F}
		{D3DABFF9-B53C-4490-B186-B4F6165BE19F} = {F2CC1DC3-E34B-415D-A3D3-753766BF931F}
		{26E3A175-5949-451E-836E-2DC3BCB80790} = {F2CC1DC3-E34B-415D-A3D3-753766BF931F}
	EndGlobalSection
	GlobalSection(ExtensibilityGlobals) = postSolution
		SolutionGuid = {285FC9CD-A5C2-4FDE-9DD3-BBD6D60F1776}
	EndGlobalSection
EndGlobal
